
Microsoft Visual Studio Solution File, Format Version 12.00
# Visual Studio Version 16
VisualStudioVersion = 16.0.31729.503
MinimumVisualStudioVersion = 10.0.40219.1
Project("{8BC9CEB8-8B4A-11D0-8D11-00A0C91BC942}") = "1.SDL_OpenGL", "1.SDL_OpenGL\1.SDL_OpenGL.vcxproj", "{D923C273-E6CA-4B2A-A877-F4E3A3053CD4}"
	ProjectSection(ProjectDependencies) = postProject
		{83E8071D-58DD-4E72-A34D-732415E9EB19} = {83E8071D-58DD-4E72-A34D-732415E9EB19}
	EndProjectSection
EndProject
Project("{8BC9CEB8-8B4A-11D0-8D11-00A0C91BC942}") = "BasicEngine", "BasicEngine\BasicEngine.vcxproj", "{83E8071D-58DD-4E72-A34D-732415E9EB19}"
EndProject
Project("{8BC9CEB8-8B4A-11D0-8D11-00A0C91BC942}") = "ZombieGame", "ZombieGame\ZombieGame.vcxproj", "{55E0D47E-1068-4D9A-BF36-5C023E5861DF}"
	ProjectSection(ProjectDependencies) = postProject
		{83E8071D-58DD-4E72-A34D-732415E9EB19} = {83E8071D-58DD-4E72-A34D-732415E9EB19}
	EndProjectSection
EndProject
Project("{8BC9CEB8-8B4A-11D0-8D11-00A0C91BC942}") = "BallGame", "BallGame\BallGame.vcxproj", "{97536B8F-8747-482C-9960-E3AD903DC9EE}"
	ProjectSection(ProjectDependencies) = postProject
		{83E8071D-58DD-4E72-A34D-732415E9EB19} = {83E8071D-58DD-4E72-A34D-732415E9EB19}
	EndProjectSection
EndProject
Project("{8BC9CEB8-8B4A-11D0-8D11-00A0C91BC942}") = "NinjaPlatformer", "NinjaPlatformer\NinjaPlatformer.vcxproj", "{8AEB9223-DD37-46A8-98B6-1B4D475363D6}"
	ProjectSection(ProjectDependencies) = postProject
		{83E8071D-58DD-4E72-A34D-732415E9EB19} = {83E8071D-58DD-4E72-A34D-732415E9EB19}
		{97536B8F-8747-482C-9960-E3AD903DC9EE} = {97536B8F-8747-482C-9960-E3AD903DC9EE}
	EndProjectSection
EndProject
Global
	GlobalSection(SolutionConfigurationPlatforms) = preSolution
		Debug|x64 = Debug|x64
		Debug|x86 = Debug|x86
		Release|x64 = Release|x64
		Release|x86 = Release|x86
	EndGlobalSection
	GlobalSection(ProjectConfigurationPlatforms) = postSolution
		{D923C273-E6CA-4B2A-A877-F4E3A3053CD4}.Debug|x64.ActiveCfg = Debug|x64
		{D923C273-E6CA-4B2A-A877-F4E3A3053CD4}.Debug|x64.Build.0 = Debug|x64
		{D923C273-E6CA-4B2A-A877-F4E3A3053CD4}.Debug|x86.ActiveCfg = Debug|Win32
		{D923C273-E6CA-4B2A-A877-F4E3A3053CD4}.Debug|x86.Build.0 = Debug|Win32
		{D923C273-E6CA-4B2A-A877-F4E3A3053CD4}.Release|x64.ActiveCfg = Release|x64
		{D923C273-E6CA-4B2A-A877-F4E3A3053CD4}.Release|x64.Build.0 = Release|x64
		{D923C273-E6CA-4B2A-A877-F4E3A3053CD4}.Release|x86.ActiveCfg = Release|Win32
		{D923C273-E6CA-4B2A-A877-F4E3A3053CD4}.Release|x86.Build.0 = Release|Win32
		{83E8071D-58DD-4E72-A34D-732415E9EB19}.Debug|x64.ActiveCfg = Debug|x64
		{83E8071D-58DD-4E72-A34D-732415E9EB19}.Debug|x64.Build.0 = Debug|x64
		{83E8071D-58DD-4E72-A34D-732415E9EB19}.Debug|x86.ActiveCfg = Debug|Win32
		{83E8071D-58DD-4E72-A34D-732415E9EB19}.Debug|x86.Build.0 = Debug|Win32
		{83E8071D-58DD-4E72-A34D-732415E9EB19}.Release|x64.ActiveCfg = Release|x64
		{83E8071D-58DD-4E72-A34D-732415E9EB19}.Release|x64.Build.0 = Release|x64
		{83E8071D-58DD-4E72-A34D-732415E9EB19}.Release|x86.ActiveCfg = Release|Win32
		{83E8071D-58DD-4E72-A34D-732415E9EB19}.Release|x86.Build.0 = Release|Win32
		{55E0D47E-1068-4D9A-BF36-5C023E5861DF}.Debug|x64.ActiveCfg = Debug|x64
		{55E0D47E-1068-4D9A-BF36-5C023E5861DF}.Debug|x64.Build.0 = Debug|x64
		{55E0D47E-1068-4D9A-BF36-5C023E5861DF}.Debug|x86.ActiveCfg = Debug|Win32
		{55E0D47E-1068-4D9A-BF36-5C023E5861DF}.Debug|x86.Build.0 = Debug|Win32
		{55E0D47E-1068-4D9A-BF36-5C023E5861DF}.Release|x64.ActiveCfg = Release|x64
		{55E0D47E-1068-4D9A-BF36-5C023E5861DF}.Release|x64.Build.0 = Release|x64
		{55E0D47E-1068-4D9A-BF36-5C023E5861DF}.Release|x86.ActiveCfg = Release|Win32
		{55E0D47E-1068-4D9A-BF36-5C023E5861DF}.Release|x86.Build.0 = Release|Win32
		{97536B8F-8747-482C-9960-E3AD903DC9EE}.Debug|x64.ActiveCfg = Debug|x64
		{97536B8F-8747-482C-9960-E3AD903DC9EE}.Debug|x64.Build.0 = Debug|x64
		{97536B8F-8747-482C-9960-E3AD903DC9EE}.Debug|x86.ActiveCfg = Debug|Win32
		{97536B8F-8747-482C-9960-E3AD903DC9EE}.Debug|x86.Build.0 = Debug|Win32
		{97536B8F-8747-482C-9960-E3AD903DC9EE}.Release|x64.ActiveCfg = Release|x64
		{97536B8F-8747-482C-9960-E3AD903DC9EE}.Release|x64.Build.0 = Release|x64
		{97536B8F-8747-482C-9960-E3AD903DC9EE}.Release|x86.ActiveCfg = Release|Win32
		{97536B8F-8747-482C-9960-E3AD903DC9EE}.Release|x86.Build.0 = Release|Win32
		{8AEB9223-DD37-46A8-98B6-1B4D475363D6}.Debug|x64.ActiveCfg = Debug|x64
		{8AEB9223-DD37-46A8-98B6-1B4D475363D6}.Debug|x64.Build.0 = Debug|x64
		{8AEB9223-DD37-46A8-98B6-1B4D475363D6}.Debug|x86.ActiveCfg = Debug|Win32
		{8AEB9223-DD37-46A8-98B6-1B4D475363D6}.Debug|x86.Build.0 = Debug|Win32
		{8AEB9223-DD37-46A8-98B6-1B4D475363D6}.Release|x64.ActiveCfg = Release|x64
		{8AEB9223-DD37-46A8-98B6-1B4D475363D6}.Release|x64.Build.0 = Release|x64
		{8AEB9223-DD37-46A8-98B6-1B4D475363D6}.Release|x86.ActiveCfg = Release|Win32
		{8AEB9223-DD37-46A8-98B6-1B4D475363D6}.Release|x86.Build.0 = Release|Win32
	EndGlobalSection
	GlobalSection(SolutionProperties) = preSolution
		HideSolutionNode = FALSE
	EndGlobalSection
	GlobalSection(ExtensibilityGlobals) = postSolution
		SolutionGuid = {A952B64B-256B-4526-AA28-31FA40F3E3A8}
	EndGlobalSection
EndGlobal
